// !$*UTF8*$!
{
	archiveVersion = 1;
	classes = {
	};
	objectVersion = 46;
	objects = {

/* Begin PBXBuildFile section */
		5C3FF3641486564E0098EE93 /* UIKit.framework in Frameworks */ = {isa = PBXBuildFile; fileRef = 5C3FF3631486564E0098EE93 /* UIKit.framework */; };
		5C3FF3661486564E0098EE93 /* Foundation.framework in Frameworks */ = {isa = PBXBuildFile; fileRef = 5C3FF3651486564E0098EE93 /* Foundation.framework */; };
		5C3FF3681486564E0098EE93 /* CoreGraphics.framework in Frameworks */ = {isa = PBXBuildFile; fileRef = 5C3FF3671486564E0098EE93 /* CoreGraphics.framework */; };
		5C3FF36E1486564E0098EE93 /* InfoPlist.strings in Resources */ = {isa = PBXBuildFile; fileRef = 5C3FF36C1486564E0098EE93 /* InfoPlist.strings */; };
		5C3FF3701486564E0098EE93 /* main.m in Sources */ = {isa = PBXBuildFile; fileRef = 5C3FF36F1486564E0098EE93 /* main.m */; };
		5C3FF3741486564E0098EE93 /* AppDelegate.m in Sources */ = {isa = PBXBuildFile; fileRef = 5C3FF3731486564E0098EE93 /* AppDelegate.m */; };
		5C3FF39314865A150098EE93 /* story-add-button-pressed.png in Resources */ = {isa = PBXBuildFile; fileRef = 5C3FF37B14865A150098EE93 /* story-add-button-pressed.png */; };
		5C3FF39414865A150098EE93 /* story-add-button-pressed@2x.png in Resources */ = {isa = PBXBuildFile; fileRef = 5C3FF37C14865A150098EE93 /* story-add-button-pressed@2x.png */; };
		5C3FF39514865A150098EE93 /* story-add-button.png in Resources */ = {isa = PBXBuildFile; fileRef = 5C3FF37D14865A150098EE93 /* story-add-button.png */; };
		5C3FF39614865A150098EE93 /* story-add-button@2x.png in Resources */ = {isa = PBXBuildFile; fileRef = 5C3FF37E14865A150098EE93 /* story-add-button@2x.png */; };
		5C3FF39714865A150098EE93 /* story-add-plus-pressed.png in Resources */ = {isa = PBXBuildFile; fileRef = 5C3FF37F14865A150098EE93 /* story-add-plus-pressed.png */; };
		5C3FF39814865A150098EE93 /* story-add-plus-pressed@2x.png in Resources */ = {isa = PBXBuildFile; fileRef = 5C3FF38014865A150098EE93 /* story-add-plus-pressed@2x.png */; };
		5C3FF39914865A150098EE93 /* story-add-plus.png in Resources */ = {isa = PBXBuildFile; fileRef = 5C3FF38114865A150098EE93 /* story-add-plus.png */; };
		5C3FF39A14865A150098EE93 /* story-add-plus@2x.png in Resources */ = {isa = PBXBuildFile; fileRef = 5C3FF38214865A150098EE93 /* story-add-plus@2x.png */; };
		5C3FF39B14865A150098EE93 /* story-button-pressed.png in Resources */ = {isa = PBXBuildFile; fileRef = 5C3FF38314865A150098EE93 /* story-button-pressed.png */; };
		5C3FF39C14865A150098EE93 /* story-button-pressed@2x.png in Resources */ = {isa = PBXBuildFile; fileRef = 5C3FF38414865A150098EE93 /* story-button-pressed@2x.png */; };
		5C3FF39D14865A150098EE93 /* story-button.png in Resources */ = {isa = PBXBuildFile; fileRef = 5C3FF38514865A150098EE93 /* story-button.png */; };
		5C3FF39E14865A150098EE93 /* story-button@2x.png in Resources */ = {isa = PBXBuildFile; fileRef = 5C3FF38614865A150098EE93 /* story-button@2x.png */; };
		5C3FF39F14865A150098EE93 /* story-camera.png in Resources */ = {isa = PBXBuildFile; fileRef = 5C3FF38714865A150098EE93 /* story-camera.png */; };
		5C3FF3A014865A150098EE93 /* story-camera@2x.png in Resources */ = {isa = PBXBuildFile; fileRef = 5C3FF38814865A150098EE93 /* story-camera@2x.png */; };
		5C3FF3A114865A150098EE93 /* story-music.png in Resources */ = {isa = PBXBuildFile; fileRef = 5C3FF38914865A150098EE93 /* story-music.png */; };
		5C3FF3A214865A150098EE93 /* story-music@2x.png in Resources */ = {isa = PBXBuildFile; fileRef = 5C3FF38A14865A150098EE93 /* story-music@2x.png */; };
		5C3FF3A314865A150098EE93 /* story-people.png in Resources */ = {isa = PBXBuildFile; fileRef = 5C3FF38B14865A150098EE93 /* story-people.png */; };
		5C3FF3A414865A150098EE93 /* story-people@2x.png in Resources */ = {isa = PBXBuildFile; fileRef = 5C3FF38C14865A150098EE93 /* story-people@2x.png */; };
		5C3FF3A514865A150098EE93 /* story-place.png in Resources */ = {isa = PBXBuildFile; fileRef = 5C3FF38D14865A150098EE93 /* story-place.png */; };
		5C3FF3A614865A150098EE93 /* story-place@2x.png in Resources */ = {isa = PBXBuildFile; fileRef = 5C3FF38E14865A150098EE93 /* story-place@2x.png */; };
		5C3FF3A714865A150098EE93 /* story-sleep.png in Resources */ = {isa = PBXBuildFile; fileRef = 5C3FF38F14865A150098EE93 /* story-sleep.png */; };
		5C3FF3A814865A150098EE93 /* story-sleep@2x.png in Resources */ = {isa = PBXBuildFile; fileRef = 5C3FF39014865A150098EE93 /* story-sleep@2x.png */; };
		5C3FF3A914865A150098EE93 /* story-thought.png in Resources */ = {isa = PBXBuildFile; fileRef = 5C3FF39114865A150098EE93 /* story-thought.png */; };
		5C3FF3AA14865A150098EE93 /* story-thought@2x.png in Resources */ = {isa = PBXBuildFile; fileRef = 5C3FF39214865A150098EE93 /* story-thought@2x.png */; };
		5C3FF3AD14865C130098EE93 /* QuadCurveMenu.m in Sources */ = {isa = PBXBuildFile; fileRef = 5C3FF3AC14865C130098EE93 /* QuadCurveMenu.m */; };
		5C3FF3B0148660510098EE93 /* QuadCurveMenuItem.m in Sources */ = {isa = PBXBuildFile; fileRef = 5C3FF3AF148660510098EE93 /* QuadCurveMenuItem.m */; };
		5C93DC61148673F2003029CA /* QuartzCore.framework in Frameworks */ = {isa = PBXBuildFile; fileRef = 5C93DC60148673F2003029CA /* QuartzCore.framework */; };
/* End PBXBuildFile section */

/* Begin PBXFileReference section */
		5C3FF35F1486564E0098EE93 /* AwesomeMenu.app */ = {isa = PBXFileReference; explicitFileType = wrapper.application; includeInIndex = 0; path = AwesomeMenu.app; sourceTree = BUILT_PRODUCTS_DIR; };
		5C3FF3631486564E0098EE93 /* UIKit.framework */ = {isa = PBXFileReference; lastKnownFileType = wrapper.framework; name = UIKit.framework; path = System/Library/Frameworks/UIKit.framework; sourceTree = SDKROOT; };
		5C3FF3651486564E0098EE93 /* Foundation.framework */ = {isa = PBXFileReference; lastKnownFileType = wrapper.framework; name = Foundation.framework; path = System/Library/Frameworks/Foundation.framework; sourceTree = SDKROOT; };
		5C3FF3671486564E0098EE93 /* CoreGraphics.framework */ = {isa = PBXFileReference; lastKnownFileType = wrapper.framework; name = CoreGraphics.framework; path = System/Library/Frameworks/CoreGraphics.framework; sourceTree = SDKROOT; };
		5C3FF36B1486564E0098EE93 /* AwesomeMenu-Info.plist */ = {isa = PBXFileReference; lastKnownFileType = text.plist.xml; path = "AwesomeMenu-Info.plist"; sourceTree = "<group>"; };
		5C3FF36D1486564E0098EE93 /* en */ = {isa = PBXFileReference; lastKnownFileType = text.plist.strings; name = en; path = en.lproj/InfoPlist.strings; sourceTree = "<group>"; };
		5C3FF36F1486564E0098EE93 /* main.m */ = {isa = PBXFileReference; lastKnownFileType = sourcecode.c.objc; path = main.m; sourceTree = "<group>"; };
		5C3FF3711486564E0098EE93 /* AwesomeMenu-Prefix.pch */ = {isa = PBXFileReference; lastKnownFileType = sourcecode.c.h; path = "AwesomeMenu-Prefix.pch"; sourceTree = "<group>"; };
		5C3FF3721486564E0098EE93 /* AppDelegate.h */ = {isa = PBXFileReference; lastKnownFileType = sourcecode.c.h; path = AppDelegate.h; sourceTree = "<group>"; };
		5C3FF3731486564E0098EE93 /* AppDelegate.m */ = {isa = PBXFileReference; lastKnownFileType = sourcecode.c.objc; path = AppDelegate.m; sourceTree = "<group>"; };
		5C3FF37B14865A150098EE93 /* story-add-button-pressed.png */ = {isa = PBXFileReference; lastKnownFileType = image.png; path = "story-add-button-pressed.png"; sourceTree = "<group>"; };
		5C3FF37C14865A150098EE93 /* story-add-button-pressed@2x.png */ = {isa = PBXFileReference; lastKnownFileType = image.png; path = "story-add-button-pressed@2x.png"; sourceTree = "<group>"; };
		5C3FF37D14865A150098EE93 /* story-add-button.png */ = {isa = PBXFileReference; lastKnownFileType = image.png; path = "story-add-button.png"; sourceTree = "<group>"; };
		5C3FF37E14865A150098EE93 /* story-add-button@2x.png */ = {isa = PBXFileReference; lastKnownFileType = image.png; path = "story-add-button@2x.png"; sourceTree = "<group>"; };
		5C3FF37F14865A150098EE93 /* story-add-plus-pressed.png */ = {isa = PBXFileReference; lastKnownFileType = image.png; path = "story-add-plus-pressed.png"; sourceTree = "<group>"; };
		5C3FF38014865A150098EE93 /* story-add-plus-pressed@2x.png */ = {isa = PBXFileReference; lastKnownFileType = image.png; path = "story-add-plus-pressed@2x.png"; sourceTree = "<group>"; };
		5C3FF38114865A150098EE93 /* story-add-plus.png */ = {isa = PBXFileReference; lastKnownFileType = image.png; path = "story-add-plus.png"; sourceTree = "<group>"; };
		5C3FF38214865A150098EE93 /* story-add-plus@2x.png */ = {isa = PBXFileReference; lastKnownFileType = image.png; path = "story-add-plus@2x.png"; sourceTree = "<group>"; };
		5C3FF38314865A150098EE93 /* story-button-pressed.png */ = {isa = PBXFileReference; lastKnownFileType = image.png; path = "story-button-pressed.png"; sourceTree = "<group>"; };
		5C3FF38414865A150098EE93 /* story-button-pressed@2x.png */ = {isa = PBXFileReference; lastKnownFileType = image.png; path = "story-button-pressed@2x.png"; sourceTree = "<group>"; };
		5C3FF38514865A150098EE93 /* story-button.png */ = {isa = PBXFileReference; lastKnownFileType = image.png; path = "story-button.png"; sourceTree = "<group>"; };
		5C3FF38614865A150098EE93 /* story-button@2x.png */ = {isa = PBXFileReference; lastKnownFileType = image.png; path = "story-button@2x.png"; sourceTree = "<group>"; };
		5C3FF38714865A150098EE93 /* story-camera.png */ = {isa = PBXFileReference; lastKnownFileType = image.png; path = "story-camera.png"; sourceTree = "<group>"; };
		5C3FF38814865A150098EE93 /* story-camera@2x.png */ = {isa = PBXFileReference; lastKnownFileType = image.png; path = "story-camera@2x.png"; sourceTree = "<group>"; };
		5C3FF38914865A150098EE93 /* story-music.png */ = {isa = PBXFileReference; lastKnownFileType = image.png; path = "story-music.png"; sourceTree = "<group>"; };
		5C3FF38A14865A150098EE93 /* story-music@2x.png */ = {isa = PBXFileReference; lastKnownFileType = image.png; path = "story-music@2x.png"; sourceTree = "<group>"; };
		5C3FF38B14865A150098EE93 /* story-people.png */ = {isa = PBXFileReference; lastKnownFileType = image.png; path = "story-people.png"; sourceTree = "<group>"; };
		5C3FF38C14865A150098EE93 /* story-people@2x.png */ = {isa = PBXFileReference; lastKnownFileType = image.png; path = "story-people@2x.png"; sourceTree = "<group>"; };
		5C3FF38D14865A150098EE93 /* story-place.png */ = {isa = PBXFileReference; lastKnownFileType = image.png; path = "story-place.png"; sourceTree = "<group>"; };
		5C3FF38E14865A150098EE93 /* story-place@2x.png */ = {isa = PBXFileReference; lastKnownFileType = image.png; path = "story-place@2x.png"; sourceTree = "<group>"; };
		5C3FF38F14865A150098EE93 /* story-sleep.png */ = {isa = PBXFileReference; lastKnownFileType = image.png; path = "story-sleep.png"; sourceTree = "<group>"; };
		5C3FF39014865A150098EE93 /* story-sleep@2x.png */ = {isa = PBXFileReference; lastKnownFileType = image.png; path = "story-sleep@2x.png"; sourceTree = "<group>"; };
		5C3FF39114865A150098EE93 /* story-thought.png */ = {isa = PBXFileReference; lastKnownFileType = image.png; path = "story-thought.png"; sourceTree = "<group>"; };
		5C3FF39214865A150098EE93 /* story-thought@2x.png */ = {isa = PBXFileReference; lastKnownFileType = image.png; path = "story-thought@2x.png"; sourceTree = "<group>"; };
		5C3FF3AB14865C130098EE93 /* QuadCurveMenu.h */ = {isa = PBXFileReference; fileEncoding = 4; lastKnownFileType = sourcecode.c.h; path = QuadCurveMenu.h; sourceTree = "<group>"; };
		5C3FF3AC14865C130098EE93 /* QuadCurveMenu.m */ = {isa = PBXFileReference; fileEncoding = 4; lastKnownFileType = sourcecode.c.objc; path = QuadCurveMenu.m; sourceTree = "<group>"; };
		5C3FF3AE148660500098EE93 /* QuadCurveMenuItem.h */ = {isa = PBXFileReference; fileEncoding = 4; lastKnownFileType = sourcecode.c.h; path = QuadCurveMenuItem.h; sourceTree = "<group>"; };
		5C3FF3AF148660510098EE93 /* QuadCurveMenuItem.m */ = {isa = PBXFileReference; fileEncoding = 4; lastKnownFileType = sourcecode.c.objc; path = QuadCurveMenuItem.m; sourceTree = "<group>"; };
		5C93DC60148673F2003029CA /* QuartzCore.framework */ = {isa = PBXFileReference; lastKnownFileType = wrapper.framework; name = QuartzCore.framework; path = System/Library/Frameworks/QuartzCore.framework; sourceTree = SDKROOT; };
/* End PBXFileReference section */

/* Begin PBXFrameworksBuildPhase section */
		5C3FF35C1486564E0098EE93 /* Frameworks */ = {
			isa = PBXFrameworksBuildPhase;
			buildActionMask = 2147483647;
			files = (
				5C93DC61148673F2003029CA /* QuartzCore.framework in Frameworks */,
				5C3FF3641486564E0098EE93 /* UIKit.framework in Frameworks */,
				5C3FF3661486564E0098EE93 /* Foundation.framework in Frameworks */,
				5C3FF3681486564E0098EE93 /* CoreGraphics.framework in Frameworks */,
			);
			runOnlyForDeploymentPostprocessing = 0;
		};
/* End PBXFrameworksBuildPhase section */

/* Begin PBXGroup section */
		5C3FF3541486564E0098EE93 = {
			isa = PBXGroup;
			children = (
				5C3FF3691486564E0098EE93 /* AwesomeMenu */,
				5C3FF3621486564E0098EE93 /* Frameworks */,
				5C3FF3601486564E0098EE93 /* Products */,
			);
			sourceTree = "<group>";
		};
		5C3FF3601486564E0098EE93 /* Products */ = {
			isa = PBXGroup;
			children = (
				5C3FF35F1486564E0098EE93 /* AwesomeMenu.app */,
			);
			name = Products;
			sourceTree = "<group>";
		};
		5C3FF3621486564E0098EE93 /* Frameworks */ = {
			isa = PBXGroup;
			children = (
				5C93DC60148673F2003029CA /* QuartzCore.framework */,
				5C3FF3631486564E0098EE93 /* UIKit.framework */,
				5C3FF3651486564E0098EE93 /* Foundation.framework */,
				5C3FF3671486564E0098EE93 /* CoreGraphics.framework */,
			);
			name = Frameworks;
			sourceTree = "<group>";
		};
		5C3FF3691486564E0098EE93 /* AwesomeMenu */ = {
			isa = PBXGroup;
			children = (
				5C3FF37A148659F00098EE93 /* Images */,
				5C3FF3721486564E0098EE93 /* AppDelegate.h */,
				5C3FF3731486564E0098EE93 /* AppDelegate.m */,
				5C3FF36A1486564E0098EE93 /* Supporting Files */,
				5C3FF3AB14865C130098EE93 /* QuadCurveMenu.h */,
				5C3FF3AC14865C130098EE93 /* QuadCurveMenu.m */,
				5C3FF3AE148660500098EE93 /* QuadCurveMenuItem.h */,
				5C3FF3AF148660510098EE93 /* QuadCurveMenuItem.m */,
			);
			path = AwesomeMenu;
			sourceTree = "<group>";
		};
		5C3FF36A1486564E0098EE93 /* Supporting Files */ = {
			isa = PBXGroup;
			children = (
				5C3FF36B1486564E0098EE93 /* AwesomeMenu-Info.plist */,
				5C3FF36C1486564E0098EE93 /* InfoPlist.strings */,
				5C3FF36F1486564E0098EE93 /* main.m */,
				5C3FF3711486564E0098EE93 /* AwesomeMenu-Prefix.pch */,
			);
			name = "Supporting Files";
			sourceTree = "<group>";
		};
		5C3FF37A148659F00098EE93 /* Images */ = {
			isa = PBXGroup;
			children = (
				5C3FF37B14865A150098EE93 /* story-add-button-pressed.png */,
				5C3FF37C14865A150098EE93 /* story-add-button-pressed@2x.png */,
				5C3FF37D14865A150098EE93 /* story-add-button.png */,
				5C3FF37E14865A150098EE93 /* story-add-button@2x.png */,
				5C3FF37F14865A150098EE93 /* story-add-plus-pressed.png */,
				5C3FF38014865A150098EE93 /* story-add-plus-pressed@2x.png */,
				5C3FF38114865A150098EE93 /* story-add-plus.png */,
				5C3FF38214865A150098EE93 /* story-add-plus@2x.png */,
				5C3FF38314865A150098EE93 /* story-button-pressed.png */,
				5C3FF38414865A150098EE93 /* story-button-pressed@2x.png */,
				5C3FF38514865A150098EE93 /* story-button.png */,
				5C3FF38614865A150098EE93 /* story-button@2x.png */,
				5C3FF38714865A150098EE93 /* story-camera.png */,
				5C3FF38814865A150098EE93 /* story-camera@2x.png */,
				5C3FF38914865A150098EE93 /* story-music.png */,
				5C3FF38A14865A150098EE93 /* story-music@2x.png */,
				5C3FF38B14865A150098EE93 /* story-people.png */,
				5C3FF38C14865A150098EE93 /* story-people@2x.png */,
				5C3FF38D14865A150098EE93 /* story-place.png */,
				5C3FF38E14865A150098EE93 /* story-place@2x.png */,
				5C3FF38F14865A150098EE93 /* story-sleep.png */,
				5C3FF39014865A150098EE93 /* story-sleep@2x.png */,
				5C3FF39114865A150098EE93 /* story-thought.png */,
				5C3FF39214865A150098EE93 /* story-thought@2x.png */,
			);
			name = Images;
			sourceTree = "<group>";
		};
/* End PBXGroup section */

/* Begin PBXNativeTarget section */
		5C3FF35E1486564E0098EE93 /* AwesomeMenu */ = {
			isa = PBXNativeTarget;
			buildConfigurationList = 5C3FF3771486564E0098EE93 /* Build configuration list for PBXNativeTarget "AwesomeMenu" */;
			buildPhases = (
				5C3FF35B1486564E0098EE93 /* Sources */,
				5C3FF35C1486564E0098EE93 /* Frameworks */,
				5C3FF35D1486564E0098EE93 /* Resources */,
			);
			buildRules = (
			);
			dependencies = (
			);
			name = AwesomeMenu;
			productName = AwesomeMenu;
			productReference = 5C3FF35F1486564E0098EE93 /* AwesomeMenu.app */;
			productType = "com.apple.product-type.application";
		};
/* End PBXNativeTarget section */

/* Begin PBXProject section */
		5C3FF3561486564E0098EE93 /* Project object */ = {
			isa = PBXProject;
			attributes = {
				LastUpgradeCheck = 0420;
			};
			buildConfigurationList = 5C3FF3591486564E0098EE93 /* Build configuration list for PBXProject "AwesomeMenu" */;
			compatibilityVersion = "Xcode 3.2";
			developmentRegion = English;
			hasScannedForEncodings = 0;
			knownRegions = (
				en,
			);
			mainGroup = 5C3FF3541486564E0098EE93;
			productRefGroup = 5C3FF3601486564E0098EE93 /* Products */;
			projectDirPath = "";
			projectRoot = "";
			targets = (
				5C3FF35E1486564E0098EE93 /* AwesomeMenu */,
			);
		};
/* End PBXProject section */

/* Begin PBXResourcesBuildPhase section */
		5C3FF35D1486564E0098EE93 /* Resources */ = {
			isa = PBXResourcesBuildPhase;
			buildActionMask = 2147483647;
			files = (
				5C3FF36E1486564E0098EE93 /* InfoPlist.strings in Resources */,
				5C3FF39314865A150098EE93 /* story-add-button-pressed.png in Resources */,
				5C3FF39414865A150098EE93 /* story-add-button-pressed@2x.png in Resources */,
				5C3FF39514865A150098EE93 /* story-add-button.png in Resources */,
				5C3FF39614865A150098EE93 /* story-add-button@2x.png in Resources */,
				5C3FF39714865A150098EE93 /* story-add-plus-pressed.png in Resources */,
				5C3FF39814865A150098EE93 /* story-add-plus-pressed@2x.png in Resources */,
				5C3FF39914865A150098EE93 /* story-add-plus.png in Resources */,
				5C3FF39A14865A150098EE93 /* story-add-plus@2x.png in Resources */,
				5C3FF39B14865A150098EE93 /* story-button-pressed.png in Resources */,
				5C3FF39C14865A150098EE93 /* story-button-pressed@2x.png in Resources */,
				5C3FF39D14865A150098EE93 /* story-button.png in Resources */,
				5C3FF39E14865A150098EE93 /* story-button@2x.png in Resources */,
				5C3FF39F14865A150098EE93 /* story-camera.png in Resources */,
				5C3FF3A014865A150098EE93 /* story-camera@2x.png in Resources */,
				5C3FF3A114865A150098EE93 /* story-music.png in Resources */,
				5C3FF3A214865A150098EE93 /* story-music@2x.png in Resources */,
				5C3FF3A314865A150098EE93 /* story-people.png in Resources */,
				5C3FF3A414865A150098EE93 /* story-people@2x.png in Resources */,
				5C3FF3A514865A150098EE93 /* story-place.png in Resources */,
				5C3FF3A614865A150098EE93 /* story-place@2x.png in Resources */,
				5C3FF3A714865A150098EE93 /* story-sleep.png in Resources */,
				5C3FF3A814865A150098EE93 /* story-sleep@2x.png in Resources */,
				5C3FF3A914865A150098EE93 /* story-thought.png in Resources */,
				5C3FF3AA14865A150098EE93 /* story-thought@2x.png in Resources */,
			);
			runOnlyForDeploymentPostprocessing = 0;
		};
/* End PBXResourcesBuildPhase section */

/* Begin PBXSourcesBuildPhase section */
		5C3FF35B1486564E0098EE93 /* Sources */ = {
			isa = PBXSourcesBuildPhase;
			buildActionMask = 2147483647;
			files = (
				5C3FF3701486564E0098EE93 /* main.m in Sources */,
				5C3FF3741486564E0098EE93 /* AppDelegate.m in Sources */,
				5C3FF3AD14865C130098EE93 /* QuadCurveMenu.m in Sources */,
				5C3FF3B0148660510098EE93 /* QuadCurveMenuItem.m in Sources */,
			);
			runOnlyForDeploymentPostprocessing = 0;
		};
/* End PBXSourcesBuildPhase section */

/* Begin PBXVariantGroup section */
		5C3FF36C1486564E0098EE93 /* InfoPlist.strings */ = {
			isa = PBXVariantGroup;
			children = (
				5C3FF36D1486564E0098EE93 /* en */,
			);
			name = InfoPlist.strings;
			sourceTree = "<group>";
		};
/* End PBXVariantGroup section */

/* Begin XCBuildConfiguration section */
		5C3FF3751486564E0098EE93 /* Debug */ = {
			isa = XCBuildConfiguration;
			buildSettings = {
				ALWAYS_SEARCH_USER_PATHS = NO;
				ARCHS = "$(ARCHS_STANDARD_32_BIT)";
				"CODE_SIGN_IDENTITY[sdk=iphoneos*]" = "iPhone Developer";
				COPY_PHASE_STRIP = NO;
				GCC_C_LANGUAGE_STANDARD = gnu99;
				GCC_DYNAMIC_NO_PIC = NO;
				GCC_OPTIMIZATION_LEVEL = 0;
				GCC_PREPROCESSOR_DEFINITIONS = (
					"DEBUG=1",
					"$(inherited)",
				);
				GCC_SYMBOLS_PRIVATE_EXTERN = NO;
				GCC_VERSION = com.apple.compilers.llvm.clang.1_0;
				GCC_WARN_ABOUT_MISSING_PROTOTYPES = YES;
				GCC_WARN_ABOUT_RETURN_TYPE = YES;
				GCC_WARN_UNUSED_VARIABLE = YES;
				IPHONEOS_DEPLOYMENT_TARGET = 5.0;
				SDKROOT = iphoneos;
			};
			name = Debug;
		};
		5C3FF3761486564E0098EE93 /* Release */ = {
			isa = XCBuildConfiguration;
			buildSettings = {
				ALWAYS_SEARCH_USER_PATHS = NO;
				ARCHS = "$(ARCHS_STANDARD_32_BIT)";
				"CODE_SIGN_IDENTITY[sdk=iphoneos*]" = "iPhone Developer";
				COPY_PHASE_STRIP = YES;
				GCC_C_LANGUAGE_STANDARD = gnu99;
				GCC_VERSION = com.apple.compilers.llvm.clang.1_0;
				GCC_WARN_ABOUT_MISSING_PROTOTYPES = YES;
				GCC_WARN_ABOUT_RETURN_TYPE = YES;
				GCC_WARN_UNUSED_VARIABLE = YES;
				IPHONEOS_DEPLOYMENT_TARGET = 5.0;
				OTHER_CFLAGS = "-DNS_BLOCK_ASSERTIONS=1";
				SDKROOT = iphoneos;
				VALIDATE_PRODUCT = YES;
			};
			name = Release;
		};
		5C3FF3781486564E0098EE93 /* Debug */ = {
			isa = XCBuildConfiguration;
			buildSettings = {
				GCC_PRECOMPILE_PREFIX_HEADER = YES;
				GCC_PREFIX_HEADER = "AwesomeMenu/AwesomeMenu-Prefix.pch";
				INFOPLIST_FILE = "AwesomeMenu/AwesomeMenu-Info.plist";
				PRODUCT_NAME = "$(TARGET_NAME)";
				WRAPPER_EXTENSION = app;
			};
			name = Debug;
		};
		5C3FF3791486564E0098EE93 /* Release */ = {
			isa = XCBuildConfiguration;
			buildSettings = {
				GCC_PRECOMPILE_PREFIX_HEADER = YES;
				GCC_PREFIX_HEADER = "AwesomeMenu/AwesomeMenu-Prefix.pch";
				INFOPLIST_FILE = "AwesomeMenu/AwesomeMenu-Info.plist";
				PRODUCT_NAME = "$(TARGET_NAME)";
				WRAPPER_EXTENSION = app;
			};
			name = Release;
		};
/* End XCBuildConfiguration section */

/* Begin XCConfigurationList section */
		5C3FF3591486564E0098EE93 /* Build configuration list for PBXProject "AwesomeMenu" */ = {
			isa = XCConfigurationList;
			buildConfigurations = (
				5C3FF3751486564E0098EE93 /* Debug */,
				5C3FF3761486564E0098EE93 /* Release */,
			);
			defaultConfigurationIsVisible = 0;
			defaultConfigurationName = Release;
		};
		5C3FF3771486564E0098EE93 /* Build configuration list for PBXNativeTarget "AwesomeMenu" */ = {
			isa = XCConfigurationList;
			buildConfigurations = (
				5C3FF3781486564E0098EE93 /* Debug */,
				5C3FF3791486564E0098EE93 /* Release */,
			);
			defaultConfigurationIsVisible = 0;
			defaultConfigurationName = Release;
		};
/* End XCConfigurationList section */
	};
	rootObject = 5C3FF3561486564E0098EE93 /* Project object */;
}
